// !$*UTF8*$!
{
	archiveVersion = 1;
	classes = {
	};
	objectVersion = 56;
	objects = {

/* Begin PBXBuildFile section */
		ACDE20D92C064C150098DF53 /* AssetsTelematicsApp.swift in Sources */ = {isa = PBXBuildFile; fileRef = ACDE20D82C064C150098DF53 /* AssetsTelematicsApp.swift */; };
		ACDE20DB2C064C150098DF53 /* HomeView.swift in Sources */ = {isa = PBXBuildFile; fileRef = ACDE20DA2C064C150098DF53 /* HomeView.swift */; };
		ACDE20DD2C064C160098DF53 /* Assets.xcassets in Resources */ = {isa = PBXBuildFile; fileRef = ACDE20DC2C064C160098DF53 /* Assets.xcassets */; };
		ACDE20E02C064C160098DF53 /* Preview Assets.xcassets in Resources */ = {isa = PBXBuildFile; fileRef = ACDE20DF2C064C160098DF53 /* Preview Assets.xcassets */; };
		ACDE20E72C06ECAB0098DF53 /* AddVehicleInfoView.swift in Sources */ = {isa = PBXBuildFile; fileRef = ACDE20E62C06ECAB0098DF53 /* AddVehicleInfoView.swift */; };
		ACDE20E92C06ECD40098DF53 /* CustomTextField.swift in Sources */ = {isa = PBXBuildFile; fileRef = ACDE20E82C06ECD40098DF53 /* CustomTextField.swift */; };
		ACDE20EB2C06ED160098DF53 /* VehicleData.swift in Sources */ = {isa = PBXBuildFile; fileRef = ACDE20EA2C06ED160098DF53 /* VehicleData.swift */; };
		ACEB72B92C0826520033CB1C /* openBold.ttf in Resources */ = {isa = PBXBuildFile; fileRef = ACEB72B62C0826520033CB1C /* openBold.ttf */; };
		ACEB72BA2C0826520033CB1C /* openSemibold.ttf in Resources */ = {isa = PBXBuildFile; fileRef = ACEB72B72C0826520033CB1C /* openSemibold.ttf */; };
		ACEB72BB2C0826530033CB1C /* openRegular.ttf in Resources */ = {isa = PBXBuildFile; fileRef = ACEB72B82C0826520033CB1C /* openRegular.ttf */; };
		ACEB72BD2C08314A0033CB1C /* AddVehilceInfoViewModel.swift in Sources */ = {isa = PBXBuildFile; fileRef = ACEB72BC2C08314A0033CB1C /* AddVehilceInfoViewModel.swift */; };
		ACEB72C02C08320F0033CB1C /* VehicleService.swift in Sources */ = {isa = PBXBuildFile; fileRef = ACEB72BF2C08320F0033CB1C /* VehicleService.swift */; };
		ACEB72CA2C0848650033CB1C /* MenuTitle.swift in Sources */ = {isa = PBXBuildFile; fileRef = ACEB72C92C0848650033CB1C /* MenuTitle.swift */; };
		ACEB72CC2C0848840033CB1C /* View+Extension.swift in Sources */ = {isa = PBXBuildFile; fileRef = ACEB72CB2C0848840033CB1C /* View+Extension.swift */; };
		ACEB72CF2C084A900033CB1C /* CodeScanner in Frameworks */ = {isa = PBXBuildFile; productRef = ACEB72CE2C084A900033CB1C /* CodeScanner */; };
/* End PBXBuildFile section */

/* Begin PBXFileReference section */
		ACDE20D52C064C150098DF53 /* AssetsTelematics.app */ = {isa = PBXFileReference; explicitFileType = wrapper.application; includeInIndex = 0; path = AssetsTelematics.app; sourceTree = BUILT_PRODUCTS_DIR; };
		ACDE20D82C064C150098DF53 /* AssetsTelematicsApp.swift */ = {isa = PBXFileReference; lastKnownFileType = sourcecode.swift; path = AssetsTelematicsApp.swift; sourceTree = "<group>"; };
		ACDE20DA2C064C150098DF53 /* HomeView.swift */ = {isa = PBXFileReference; lastKnownFileType = sourcecode.swift; path = HomeView.swift; sourceTree = "<group>"; };
		ACDE20DC2C064C160098DF53 /* Assets.xcassets */ = {isa = PBXFileReference; lastKnownFileType = folder.assetcatalog; path = Assets.xcassets; sourceTree = "<group>"; };
		ACDE20DF2C064C160098DF53 /* Preview Assets.xcassets */ = {isa = PBXFileReference; lastKnownFileType = folder.assetcatalog; path = "Preview Assets.xcassets"; sourceTree = "<group>"; };
		ACDE20E62C06ECAB0098DF53 /* AddVehicleInfoView.swift */ = {isa = PBXFileReference; lastKnownFileType = sourcecode.swift; path = AddVehicleInfoView.swift; sourceTree = "<group>"; };
		ACDE20E82C06ECD40098DF53 /* CustomTextField.swift */ = {isa = PBXFileReference; lastKnownFileType = sourcecode.swift; path = CustomTextField.swift; sourceTree = "<group>"; };
		ACDE20EA2C06ED160098DF53 /* VehicleData.swift */ = {isa = PBXFileReference; lastKnownFileType = sourcecode.swift; path = VehicleData.swift; sourceTree = "<group>"; };
		ACEB72B62C0826520033CB1C /* openBold.ttf */ = {isa = PBXFileReference; lastKnownFileType = file; path = openBold.ttf; sourceTree = "<group>"; };
		ACEB72B72C0826520033CB1C /* openSemibold.ttf */ = {isa = PBXFileReference; lastKnownFileType = file; path = openSemibold.ttf; sourceTree = "<group>"; };
		ACEB72B82C0826520033CB1C /* openRegular.ttf */ = {isa = PBXFileReference; lastKnownFileType = file; path = openRegular.ttf; sourceTree = "<group>"; };
		ACEB72BC2C08314A0033CB1C /* AddVehilceInfoViewModel.swift */ = {isa = PBXFileReference; lastKnownFileType = sourcecode.swift; path = AddVehilceInfoViewModel.swift; sourceTree = "<group>"; };
		ACEB72BF2C08320F0033CB1C /* VehicleService.swift */ = {isa = PBXFileReference; lastKnownFileType = sourcecode.swift; path = VehicleService.swift; sourceTree = "<group>"; };
		ACEB72C92C0848650033CB1C /* MenuTitle.swift */ = {isa = PBXFileReference; lastKnownFileType = sourcecode.swift; path = MenuTitle.swift; sourceTree = "<group>"; };
		ACEB72CB2C0848840033CB1C /* View+Extension.swift */ = {isa = PBXFileReference; lastKnownFileType = sourcecode.swift; path = "View+Extension.swift"; sourceTree = "<group>"; };
/* End PBXFileReference section */

/* Begin PBXFrameworksBuildPhase section */
		ACDE20D22C064C150098DF53 /* Frameworks */ = {
			isa = PBXFrameworksBuildPhase;
			buildActionMask = 2147483647;
			files = (
				ACEB72CF2C084A900033CB1C /* CodeScanner in Frameworks */,
			);
			runOnlyForDeploymentPostprocessing = 0;
		};
/* End PBXFrameworksBuildPhase section */

/* Begin PBXGroup section */
		ACDE20CC2C064C150098DF53 = {
			isa = PBXGroup;
			children = (
				ACDE20D72C064C150098DF53 /* AssetsTelematics */,
				ACDE20D62C064C150098DF53 /* Products */,
			);
			sourceTree = "<group>";
		};
		ACDE20D62C064C150098DF53 /* Products */ = {
			isa = PBXGroup;
			children = (
				ACDE20D52C064C150098DF53 /* AssetsTelematics.app */,
			);
			name = Products;
			sourceTree = "<group>";
		};
		ACDE20D72C064C150098DF53 /* AssetsTelematics */ = {
			isa = PBXGroup;
			children = (
				ACDE20D82C064C150098DF53 /* AssetsTelematicsApp.swift */,
				ACEB72B22C081CDB0033CB1C /* Fonts */,
				ACEB72B32C081CE10033CB1C /* Resource */,
				ACDE20F02C06ED580098DF53 /* Helper */,
				ACDE20EC2C06ED280098DF53 /* Model */,
				ACDE20ED2C06ED340098DF53 /* View */,
				ACEB72BE2C0831970033CB1C /* ViewModel */,
				ACEB72C12C0832890033CB1C /* Service */,
				ACDE20DE2C064C160098DF53 /* Preview Content */,
			);
			path = AssetsTelematics;
			sourceTree = "<group>";
		};
		ACDE20DE2C064C160098DF53 /* Preview Content */ = {
			isa = PBXGroup;
			children = (
				ACDE20DF2C064C160098DF53 /* Preview Assets.xcassets */,
			);
			path = "Preview Content";
			sourceTree = "<group>";
		};
		ACDE20EC2C06ED280098DF53 /* Model */ = {
			isa = PBXGroup;
			children = (
				ACDE20EA2C06ED160098DF53 /* VehicleData.swift */,
				ACEB72C92C0848650033CB1C /* MenuTitle.swift */,
			);
			path = Model;
			sourceTree = "<group>";
		};
		ACDE20ED2C06ED340098DF53 /* View */ = {
			isa = PBXGroup;
			children = (
				ACDE20EE2C06ED430098DF53 /* Home */,
				ACDE20EF2C06ED4A0098DF53 /* AddVehicleInfo */,
			);
			path = View;
			sourceTree = "<group>";
		};
		ACDE20EE2C06ED430098DF53 /* Home */ = {
			isa = PBXGroup;
			children = (
				ACDE20DA2C064C150098DF53 /* HomeView.swift */,
			);
			path = Home;
			sourceTree = "<group>";
		};
		ACDE20EF2C06ED4A0098DF53 /* AddVehicleInfo */ = {
			isa = PBXGroup;
			children = (
				ACDE20E62C06ECAB0098DF53 /* AddVehicleInfoView.swift */,
			);
			path = AddVehicleInfo;
			sourceTree = "<group>";
		};
		ACDE20F02C06ED580098DF53 /* Helper */ = {
			isa = PBXGroup;
			children = (
				ACDE20E82C06ECD40098DF53 /* CustomTextField.swift */,
				ACEB72CB2C0848840033CB1C /* View+Extension.swift */,
			);
			path = Helper;
			sourceTree = "<group>";
		};
		ACEB72B22C081CDB0033CB1C /* Fonts */ = {
			isa = PBXGroup;
			children = (
				ACEB72B62C0826520033CB1C /* openBold.ttf */,
				ACEB72B82C0826520033CB1C /* openRegular.ttf */,
				ACEB72B72C0826520033CB1C /* openSemibold.ttf */,
			);
			path = Fonts;
			sourceTree = "<group>";
		};
		ACEB72B32C081CE10033CB1C /* Resource */ = {
			isa = PBXGroup;
			children = (
				ACDE20DC2C064C160098DF53 /* Assets.xcassets */,
			);
			path = Resource;
			sourceTree = "<group>";
		};
		ACEB72BE2C0831970033CB1C /* ViewModel */ = {
			isa = PBXGroup;
			children = (
				ACEB72BC2C08314A0033CB1C /* AddVehilceInfoViewModel.swift */,
			);
			path = ViewModel;
			sourceTree = "<group>";
		};
		ACEB72C12C0832890033CB1C /* Service */ = {
			isa = PBXGroup;
			children = (
				ACEB72BF2C08320F0033CB1C /* VehicleService.swift */,
			);
			path = Service;
			sourceTree = "<group>";
		};
/* End PBXGroup section */

/* Begin PBXNativeTarget section */
		ACDE20D42C064C150098DF53 /* AssetsTelematics */ = {
			isa = PBXNativeTarget;
			buildConfigurationList = ACDE20E32C064C160098DF53 /* Build configuration list for PBXNativeTarget "AssetsTelematics" */;
			buildPhases = (
				ACDE20D12C064C150098DF53 /* Sources */,
				ACDE20D22C064C150098DF53 /* Frameworks */,
				ACDE20D32C064C150098DF53 /* Resources */,
			);
			buildRules = (
			);
			dependencies = (
			);
			name = AssetsTelematics;
			packageProductDependencies = (
				ACEB72CE2C084A900033CB1C /* CodeScanner */,
			);
			productName = AssetsTelematics;
			productReference = ACDE20D52C064C150098DF53 /* AssetsTelematics.app */;
			productType = "com.apple.product-type.application";
		};
/* End PBXNativeTarget section */

/* Begin PBXProject section */
		ACDE20CD2C064C150098DF53 /* Project object */ = {
			isa = PBXProject;
			attributes = {
				BuildIndependentTargetsInParallel = 1;
				LastSwiftUpdateCheck = 1540;
				LastUpgradeCheck = 1540;
				TargetAttributes = {
					ACDE20D42C064C150098DF53 = {
						CreatedOnToolsVersion = 15.4;
					};
				};
			};
			buildConfigurationList = ACDE20D02C064C150098DF53 /* Build configuration list for PBXProject "AssetsTelematics" */;
			compatibilityVersion = "Xcode 14.0";
			developmentRegion = en;
			hasScannedForEncodings = 0;
			knownRegions = (
				en,
				Base,
			);
			mainGroup = ACDE20CC2C064C150098DF53;
			packageReferences = (
				ACEB72CD2C084A900033CB1C /* XCRemoteSwiftPackageReference "CodeScanner" */,
			);
			productRefGroup = ACDE20D62C064C150098DF53 /* Products */;
			projectDirPath = "";
			projectRoot = "";
			targets = (
				ACDE20D42C064C150098DF53 /* AssetsTelematics */,
			);
		};
/* End PBXProject section */

/* Begin PBXResourcesBuildPhase section */
		ACDE20D32C064C150098DF53 /* Resources */ = {
			isa = PBXResourcesBuildPhase;
			buildActionMask = 2147483647;
			files = (
				ACEB72BB2C0826530033CB1C /* openRegular.ttf in Resources */,
				ACDE20E02C064C160098DF53 /* Preview Assets.xcassets in Resources */,
				ACEB72BA2C0826520033CB1C /* openSemibold.ttf in Resources */,
				ACEB72B92C0826520033CB1C /* openBold.ttf in Resources */,
				ACDE20DD2C064C160098DF53 /* Assets.xcassets in Resources */,
			);
			runOnlyForDeploymentPostprocessing = 0;
		};
/* End PBXResourcesBuildPhase section */

/* Begin PBXSourcesBuildPhase section */
		ACDE20D12C064C150098DF53 /* Sources */ = {
			isa = PBXSourcesBuildPhase;
			buildActionMask = 2147483647;
			files = (
				ACEB72C02C08320F0033CB1C /* VehicleService.swift in Sources */,
				ACEB72CA2C0848650033CB1C /* MenuTitle.swift in Sources */,
				ACDE20E92C06ECD40098DF53 /* CustomTextField.swift in Sources */,
				ACEB72BD2C08314A0033CB1C /* AddVehilceInfoViewModel.swift in Sources */,
				ACDE20EB2C06ED160098DF53 /* VehicleData.swift in Sources */,
				ACDE20E72C06ECAB0098DF53 /* AddVehicleInfoView.swift in Sources */,
				ACDE20DB2C064C150098DF53 /* HomeView.swift in Sources */,
				ACEB72CC2C0848840033CB1C /* View+Extension.swift in Sources */,
				ACDE20D92C064C150098DF53 /* AssetsTelematicsApp.swift in Sources */,
			);
			runOnlyForDeploymentPostprocessing = 0;
		};
/* End PBXSourcesBuildPhase section */

/* Begin XCBuildConfiguration section */
		ACDE20E12C064C160098DF53 /* Debug */ = {
			isa = XCBuildConfiguration;
			buildSettings = {
				ALWAYS_SEARCH_USER_PATHS = NO;
				ASSETCATALOG_COMPILER_GENERATE_SWIFT_ASSET_SYMBOL_EXTENSIONS = YES;
				CLANG_ANALYZER_NONNULL = YES;
				CLANG_ANALYZER_NUMBER_OBJECT_CONVERSION = YES_AGGRESSIVE;
				CLANG_CXX_LANGUAGE_STANDARD = "gnu++20";
				CLANG_ENABLE_MODULES = YES;
				CLANG_ENABLE_OBJC_ARC = YES;
				CLANG_ENABLE_OBJC_WEAK = YES;
				CLANG_WARN_BLOCK_CAPTURE_AUTORELEASING = YES;
				CLANG_WARN_BOOL_CONVERSION = YES;
				CLANG_WARN_COMMA = YES;
				CLANG_WARN_CONSTANT_CONVERSION = YES;
				CLANG_WARN_DEPRECATED_OBJC_IMPLEMENTATIONS = YES;
				CLANG_WARN_DIRECT_OBJC_ISA_USAGE = YES_ERROR;
				CLANG_WARN_DOCUMENTATION_COMMENTS = YES;
				CLANG_WARN_EMPTY_BODY = YES;
				CLANG_WARN_ENUM_CONVERSION = YES;
				CLANG_WARN_INFINITE_RECURSION = YES;
				CLANG_WARN_INT_CONVERSION = YES;
				CLANG_WARN_NON_LITERAL_NULL_CONVERSION = YES;
				CLANG_WARN_OBJC_IMPLICIT_RETAIN_SELF = YES;
				CLANG_WARN_OBJC_LITERAL_CONVERSION = YES;
				CLANG_WARN_OBJC_ROOT_CLASS = YES_ERROR;
				CLANG_WARN_QUOTED_INCLUDE_IN_FRAMEWORK_HEADER = YES;
				CLANG_WARN_RANGE_LOOP_ANALYSIS = YES;
				CLANG_WARN_STRICT_PROTOTYPES = YES;
				CLANG_WARN_SUSPICIOUS_MOVE = YES;
				CLANG_WARN_UNGUARDED_AVAILABILITY = YES_AGGRESSIVE;
				CLANG_WARN_UNREACHABLE_CODE = YES;
				CLANG_WARN__DUPLICATE_METHOD_MATCH = YES;
				COPY_PHASE_STRIP = NO;
				DEBUG_INFORMATION_FORMAT = dwarf;
				ENABLE_STRICT_OBJC_MSGSEND = YES;
				ENABLE_TESTABILITY = YES;
				ENABLE_USER_SCRIPT_SANDBOXING = YES;
				GCC_C_LANGUAGE_STANDARD = gnu17;
				GCC_DYNAMIC_NO_PIC = NO;
				GCC_NO_COMMON_BLOCKS = YES;
				GCC_OPTIMIZATION_LEVEL = 0;
				GCC_PREPROCESSOR_DEFINITIONS = (
					"DEBUG=1",
					"$(inherited)",
				);
				GCC_WARN_64_TO_32_BIT_CONVERSION = YES;
				GCC_WARN_ABOUT_RETURN_TYPE = YES_ERROR;
				GCC_WARN_UNDECLARED_SELECTOR = YES;
				GCC_WARN_UNINITIALIZED_AUTOS = YES_AGGRESSIVE;
				GCC_WARN_UNUSED_FUNCTION = YES;
				GCC_WARN_UNUSED_VARIABLE = YES;
				IPHONEOS_DEPLOYMENT_TARGET = 17.5;
				LOCALIZATION_PREFERS_STRING_CATALOGS = YES;
				MTL_ENABLE_DEBUG_INFO = INCLUDE_SOURCE;
				MTL_FAST_MATH = YES;
				ONLY_ACTIVE_ARCH = YES;
				SDKROOT = iphoneos;
				SWIFT_ACTIVE_COMPILATION_CONDITIONS = "DEBUG $(inherited)";
				SWIFT_OPTIMIZATION_LEVEL = "-Onone";
			};
			name = Debug;
		};
		ACDE20E22C064C160098DF53 /* Release */ = {
			isa = XCBuildConfiguration;
			buildSettings = {
				ALWAYS_SEARCH_USER_PATHS = NO;
				ASSETCATALOG_COMPILER_GENERATE_SWIFT_ASSET_SYMBOL_EXTENSIONS = YES;
				CLANG_ANALYZER_NONNULL = YES;
				CLANG_ANALYZER_NUMBER_OBJECT_CONVERSION = YES_AGGRESSIVE;
				CLANG_CXX_LANGUAGE_STANDARD = "gnu++20";
				CLANG_ENABLE_MODULES = YES;
				CLANG_ENABLE_OBJC_ARC = YES;
				CLANG_ENABLE_OBJC_WEAK = YES;
				CLANG_WARN_BLOCK_CAPTURE_AUTORELEASING = YES;
				CLANG_WARN_BOOL_CONVERSION = YES;
				CLANG_WARN_COMMA = YES;
				CLANG_WARN_CONSTANT_CONVERSION = YES;
				CLANG_WARN_DEPRECATED_OBJC_IMPLEMENTATIONS = YES;
				CLANG_WARN_DIRECT_OBJC_ISA_USAGE = YES_ERROR;
				CLANG_WARN_DOCUMENTATION_COMMENTS = YES;
				CLANG_WARN_EMPTY_BODY = YES;
				CLANG_WARN_ENUM_CONVERSION = YES;
				CLANG_WARN_INFINITE_RECURSION = YES;
				CLANG_WARN_INT_CONVERSION = YES;
				CLANG_WARN_NON_LITERAL_NULL_CONVERSION = YES;
				CLANG_WARN_OBJC_IMPLICIT_RETAIN_SELF = YES;
				CLANG_WARN_OBJC_LITERAL_CONVERSION = YES;
				CLANG_WARN_OBJC_ROOT_CLASS = YES_ERROR;
				CLANG_WARN_QUOTED_INCLUDE_IN_FRAMEWORK_HEADER = YES;
				CLANG_WARN_RANGE_LOOP_ANALYSIS = YES;
				CLANG_WARN_STRICT_PROTOTYPES = YES;
				CLANG_WARN_SUSPICIOUS_MOVE = YES;
				CLANG_WARN_UNGUARDED_AVAILABILITY = YES_AGGRESSIVE;
				CLANG_WARN_UNREACHABLE_CODE = YES;
				CLANG_WARN__DUPLICATE_METHOD_MATCH = YES;
				COPY_PHASE_STRIP = NO;
				DEBUG_INFORMATION_FORMAT = "dwarf-with-dsym";
				ENABLE_NS_ASSERTIONS = NO;
				ENABLE_STRICT_OBJC_MSGSEND = YES;
				ENABLE_USER_SCRIPT_SANDBOXING = YES;
				GCC_C_LANGUAGE_STANDARD = gnu17;
				GCC_NO_COMMON_BLOCKS = YES;
				GCC_WARN_64_TO_32_BIT_CONVERSION = YES;
				GCC_WARN_ABOUT_RETURN_TYPE = YES_ERROR;
				GCC_WARN_UNDECLARED_SELECTOR = YES;
				GCC_WARN_UNINITIALIZED_AUTOS = YES_AGGRESSIVE;
				GCC_WARN_UNUSED_FUNCTION = YES;
				GCC_WARN_UNUSED_VARIABLE = YES;
				IPHONEOS_DEPLOYMENT_TARGET = 17.5;
				LOCALIZATION_PREFERS_STRING_CATALOGS = YES;
				MTL_ENABLE_DEBUG_INFO = NO;
				MTL_FAST_MATH = YES;
				SDKROOT = iphoneos;
				SWIFT_COMPILATION_MODE = wholemodule;
				VALIDATE_PRODUCT = YES;
			};
			name = Release;
		};
		ACDE20E42C064C160098DF53 /* Debug */ = {
			isa = XCBuildConfiguration;
			buildSettings = {
				ASSETCATALOG_COMPILER_APPICON_NAME = AppIcon;
				ASSETCATALOG_COMPILER_GLOBAL_ACCENT_COLOR_NAME = AccentColor;
				CODE_SIGN_STYLE = Automatic;
				CURRENT_PROJECT_VERSION = 1;
				DEVELOPMENT_ASSET_PATHS = "\"AssetsTelematics/Preview Content\"";
				DEVELOPMENT_TEAM = L56S6JLUSP;
				ENABLE_PREVIEWS = YES;
				GENERATE_INFOPLIST_FILE = YES;
				INFOPLIST_FILE = AssetsTelematics/Info.plist;
				INFOPLIST_KEY_LSApplicationCategoryType = "";
				INFOPLIST_KEY_NSCameraUsageDescription = "We want to use camera for scan QR Codes";
				INFOPLIST_KEY_UIApplicationSceneManifest_Generation = YES;
				INFOPLIST_KEY_UIApplicationSupportsIndirectInputEvents = YES;
				INFOPLIST_KEY_UILaunchScreen_Generation = YES;
				INFOPLIST_KEY_UISupportedInterfaceOrientations_iPad = "UIInterfaceOrientationPortrait UIInterfaceOrientationPortraitUpsideDown UIInterfaceOrientationLandscapeLeft UIInterfaceOrientationLandscapeRight";
				INFOPLIST_KEY_UISupportedInterfaceOrientations_iPhone = "UIInterfaceOrientationPortrait UIInterfaceOrientationLandscapeLeft UIInterfaceOrientationLandscapeRight";
				LD_RUNPATH_SEARCH_PATHS = (
					"$(inherited)",
					"@executable_path/Frameworks",
				);
				MARKETING_VERSION = 1.0;
				PRODUCT_BUNDLE_IDENTIFIER = com.srinivas.co.AssetsTelematics;
				PRODUCT_NAME = "$(TARGET_NAME)";
				SWIFT_EMIT_LOC_STRINGS = YES;
				SWIFT_VERSION = 5.0;
				TARGETED_DEVICE_FAMILY = "1,2";
			};
			name = Debug;
		};
		ACDE20E52C064C160098DF53 /* Release */ = {
			isa = XCBuildConfiguration;
			buildSettings = {
				ASSETCATALOG_COMPILER_APPICON_NAME = AppIcon;
				ASSETCATALOG_COMPILER_GLOBAL_ACCENT_COLOR_NAME = AccentColor;
				CODE_SIGN_STYLE = Automatic;
				CURRENT_PROJECT_VERSION = 1;
				DEVELOPMENT_ASSET_PATHS = "\"AssetsTelematics/Preview Content\"";
				DEVELOPMENT_TEAM = L56S6JLUSP;
				ENABLE_PREVIEWS = YES;
				GENERATE_INFOPLIST_FILE = YES;
				INFOPLIST_FILE = AssetsTelematics/Info.plist;
				INFOPLIST_KEY_LSApplicationCategoryType = "";
				INFOPLIST_KEY_NSCameraUsageDescription = "We want to use camera for scan QR Codes";
				INFOPLIST_KEY_UIApplicationSceneManifest_Generation = YES;
				INFOPLIST_KEY_UIApplicationSupportsIndirectInputEvents = YES;
				INFOPLIST_KEY_UILaunchScreen_Generation = YES;
				INFOPLIST_KEY_UISupportedInterfaceOrientations_iPad = "UIInterfaceOrientationPortrait UIInterfaceOrientationPortraitUpsideDown UIInterfaceOrientationLandscapeLeft UIInterfaceOrientationLandscapeRight";
				INFOPLIST_KEY_UISupportedInterfaceOrientations_iPhone = "UIInterfaceOrientationPortrait UIInterfaceOrientationLandscapeLeft UIInterfaceOrientationLandscapeRight";
				LD_RUNPATH_SEARCH_PATHS = (
					"$(inherited)",
					"@executable_path/Frameworks",
				);
				MARKETING_VERSION = 1.0;
				PRODUCT_BUNDLE_IDENTIFIER = com.srinivas.co.AssetsTelematics;
				PRODUCT_NAME = "$(TARGET_NAME)";
				SWIFT_EMIT_LOC_STRINGS = YES;
				SWIFT_VERSION = 5.0;
				TARGETED_DEVICE_FAMILY = "1,2";
			};
			name = Release;
		};
/* End XCBuildConfiguration section */

/* Begin XCConfigurationList section */
		ACDE20D02C064C150098DF53 /* Build configuration list for PBXProject "AssetsTelematics" */ = {
			isa = XCConfigurationList;
			buildConfigurations = (
				ACDE20E12C064C160098DF53 /* Debug */,
				ACDE20E22C064C160098DF53 /* Release */,
			);
			defaultConfigurationIsVisible = 0;
			defaultConfigurationName = Release;
		};
		ACDE20E32C064C160098DF53 /* Build configuration list for PBXNativeTarget "AssetsTelematics" */ = {
			isa = XCConfigurationList;
			buildConfigurations = (
				ACDE20E42C064C160098DF53 /* Debug */,
				ACDE20E52C064C160098DF53 /* Release */,
			);
			defaultConfigurationIsVisible = 0;
			defaultConfigurationName = Release;
		};
/* End XCConfigurationList section */

/* Begin XCRemoteSwiftPackageReference section */
		ACEB72CD2C084A900033CB1C /* XCRemoteSwiftPackageReference "CodeScanner" */ = {
			isa = XCRemoteSwiftPackageReference;
			repositoryURL = "https://github.com/twostraws/CodeScanner";
			requirement = {
				kind = upToNextMajorVersion;
				minimumVersion = 2.4.1;
			};
		};
/* End XCRemoteSwiftPackageReference section */

/* Begin XCSwiftPackageProductDependency section */
		ACEB72CE2C084A900033CB1C /* CodeScanner */ = {
			isa = XCSwiftPackageProductDependency;
			package = ACEB72CD2C084A900033CB1C /* XCRemoteSwiftPackageReference "CodeScanner" */;
			productName = CodeScanner;
		};
/* End XCSwiftPackageProductDependency section */
	};
	rootObject = ACDE20CD2C064C150098DF53 /* Project object */;
}
